// !$*UTF8*$!
{
	archiveVersion = 1;
	classes = {
	};
	objectVersion = 56;
	objects = {

/* Begin PBXBuildFile section */
		3E47F8B82BBA4EB2003FFB99 /* Preview Assets.xcassets in Resources */ = {isa = PBXBuildFile; fileRef = 3E47F8B72BBA4EB2003FFB99 /* Preview Assets.xcassets */; };
		3E47F8CA2BBA4F72003FFB99 /* Assets.xcassets in Resources */ = {isa = PBXBuildFile; fileRef = 3E47F8BE2BBA4F72003FFB99 /* Assets.xcassets */; };
		3E47F8CB2BBA4F72003FFB99 /* DrawingView.swift in Sources */ = {isa = PBXBuildFile; fileRef = 3E47F8BF2BBA4F72003FFB99 /* DrawingView.swift */; };
		3E47F8CC2BBA4F72003FFB99 /* Colors.swift in Sources */ = {isa = PBXBuildFile; fileRef = 3E47F8C02BBA4F72003FFB99 /* Colors.swift */; };
		3E47F8CD2BBA4F72003FFB99 /* SettingsView.swift in Sources */ = {isa = PBXBuildFile; fileRef = 3E47F8C12BBA4F72003FFB99 /* SettingsView.swift */; };
		3E47F8CE2BBA4F72003FFB99 /* GameView.swift in Sources */ = {isa = PBXBuildFile; fileRef = 3E47F8C22BBA4F72003FFB99 /* GameView.swift */; };
		3E47F8CF2BBA4F72003FFB99 /* ContentView.swift in Sources */ = {isa = PBXBuildFile; fileRef = 3E47F8C32BBA4F72003FFB99 /* ContentView.swift */; };
		3E47F8D02BBA4F72003FFB99 /* LoadingView.swift in Sources */ = {isa = PBXBuildFile; fileRef = 3E47F8C42BBA4F72003FFB99 /* LoadingView.swift */; };
		3E47F8D12BBA4F72003FFB99 /* MenuView.swift in Sources */ = {isa = PBXBuildFile; fileRef = 3E47F8C52BBA4F72003FFB99 /* MenuView.swift */; };
		3E47F8D22BBA4F72003FFB99 /* MyApp.swift in Sources */ = {isa = PBXBuildFile; fileRef = 3E47F8C62BBA4F72003FFB99 /* MyApp.swift */; };
		3E47F8D32BBA4F72003FFB99 /* LevelsView.swift in Sources */ = {isa = PBXBuildFile; fileRef = 3E47F8C72BBA4F72003FFB99 /* LevelsView.swift */; };
		3E47F8D42BBA4F72003FFB99 /* Functions.swift in Sources */ = {isa = PBXBuildFile; fileRef = 3E47F8C82BBA4F72003FFB99 /* Functions.swift */; };
		3E47F8D52BBA4F72003FFB99 /* ButtonStyles.swift in Sources */ = {isa = PBXBuildFile; fileRef = 3E47F8C92BBA4F72003FFB99 /* ButtonStyles.swift */; };
/* End PBXBuildFile section */

/* Begin PBXCopyFilesBuildPhase section */
		3E47F8ED2BBA5694003FFB99 /* Embed App Clips */ = {
			isa = PBXCopyFilesBuildPhase;
			buildActionMask = 2147483647;
			dstPath = "$(CONTENTS_FOLDER_PATH)/AppClips";
			dstSubfolderSpec = 16;
			files = (
			);
			name = "Embed App Clips";
			runOnlyForDeploymentPostprocessing = 0;
		};
/* End PBXCopyFilesBuildPhase section */

/* Begin PBXFileReference section */
		3E47F8AD2BBA4EB1003FFB99 /* Broken Calc.app */ = {isa = PBXFileReference; explicitFileType = wrapper.application; includeInIndex = 0; path = "Broken Calc.app"; sourceTree = BUILT_PRODUCTS_DIR; };
		3E47F8B72BBA4EB2003FFB99 /* Preview Assets.xcassets */ = {isa = PBXFileReference; lastKnownFileType = folder.assetcatalog; path = "Preview Assets.xcassets"; sourceTree = "<group>"; };
		3E47F8BE2BBA4F72003FFB99 /* Assets.xcassets */ = {isa = PBXFileReference; lastKnownFileType = folder.assetcatalog; path = Assets.xcassets; sourceTree = "<group>"; };
		3E47F8BF2BBA4F72003FFB99 /* DrawingView.swift */ = {isa = PBXFileReference; fileEncoding = 4; lastKnownFileType = sourcecode.swift; path = DrawingView.swift; sourceTree = "<group>"; };
		3E47F8C02BBA4F72003FFB99 /* Colors.swift */ = {isa = PBXFileReference; fileEncoding = 4; lastKnownFileType = sourcecode.swift; path = Colors.swift; sourceTree = "<group>"; };
		3E47F8C12BBA4F72003FFB99 /* SettingsView.swift */ = {isa = PBXFileReference; fileEncoding = 4; lastKnownFileType = sourcecode.swift; path = SettingsView.swift; sourceTree = "<group>"; };
		3E47F8C22BBA4F72003FFB99 /* GameView.swift */ = {isa = PBXFileReference; fileEncoding = 4; lastKnownFileType = sourcecode.swift; path = GameView.swift; sourceTree = "<group>"; };
		3E47F8C32BBA4F72003FFB99 /* ContentView.swift */ = {isa = PBXFileReference; fileEncoding = 4; lastKnownFileType = sourcecode.swift; path = ContentView.swift; sourceTree = "<group>"; };
		3E47F8C42BBA4F72003FFB99 /* LoadingView.swift */ = {isa = PBXFileReference; fileEncoding = 4; lastKnownFileType = sourcecode.swift; path = LoadingView.swift; sourceTree = "<group>"; };
		3E47F8C52BBA4F72003FFB99 /* MenuView.swift */ = {isa = PBXFileReference; fileEncoding = 4; lastKnownFileType = sourcecode.swift; path = MenuView.swift; sourceTree = "<group>"; };
		3E47F8C62BBA4F72003FFB99 /* MyApp.swift */ = {isa = PBXFileReference; fileEncoding = 4; lastKnownFileType = sourcecode.swift; path = MyApp.swift; sourceTree = "<group>"; };
		3E47F8C72BBA4F72003FFB99 /* LevelsView.swift */ = {isa = PBXFileReference; fileEncoding = 4; lastKnownFileType = sourcecode.swift; path = LevelsView.swift; sourceTree = "<group>"; };
		3E47F8C82BBA4F72003FFB99 /* Functions.swift */ = {isa = PBXFileReference; fileEncoding = 4; lastKnownFileType = sourcecode.swift; path = Functions.swift; sourceTree = "<group>"; };
		3E47F8C92BBA4F72003FFB99 /* ButtonStyles.swift */ = {isa = PBXFileReference; fileEncoding = 4; lastKnownFileType = sourcecode.swift; path = ButtonStyles.swift; sourceTree = "<group>"; };
/* End PBXFileReference section */

/* Begin PBXFrameworksBuildPhase section */
		3E47F8AA2BBA4EB1003FFB99 /* Frameworks */ = {
			isa = PBXFrameworksBuildPhase;
			buildActionMask = 2147483647;
			files = (
			);
			runOnlyForDeploymentPostprocessing = 0;
		};
/* End PBXFrameworksBuildPhase section */

/* Begin PBXGroup section */
		3E47F8A42BBA4EB1003FFB99 = {
			isa = PBXGroup;
			children = (
				3E47F8AF2BBA4EB1003FFB99 /* Broken Calc */,
				3E47F8AE2BBA4EB1003FFB99 /* Products */,
			);
			sourceTree = "<group>";
		};
		3E47F8AE2BBA4EB1003FFB99 /* Products */ = {
			isa = PBXGroup;
			children = (
				3E47F8AD2BBA4EB1003FFB99 /* Broken Calc.app */,
			);
			name = Products;
			sourceTree = "<group>";
		};
		3E47F8AF2BBA4EB1003FFB99 /* Broken Calc */ = {
			isa = PBXGroup;
			children = (
				3E47F8BE2BBA4F72003FFB99 /* Assets.xcassets */,
				3E47F8C92BBA4F72003FFB99 /* ButtonStyles.swift */,
				3E47F8C02BBA4F72003FFB99 /* Colors.swift */,
				3E47F8C32BBA4F72003FFB99 /* ContentView.swift */,
				3E47F8BF2BBA4F72003FFB99 /* DrawingView.swift */,
				3E47F8C82BBA4F72003FFB99 /* Functions.swift */,
				3E47F8C22BBA4F72003FFB99 /* GameView.swift */,
				3E47F8C72BBA4F72003FFB99 /* LevelsView.swift */,
				3E47F8C42BBA4F72003FFB99 /* LoadingView.swift */,
				3E47F8C52BBA4F72003FFB99 /* MenuView.swift */,
				3E47F8C62BBA4F72003FFB99 /* MyApp.swift */,
				3E47F8C12BBA4F72003FFB99 /* SettingsView.swift */,
				3E47F8B62BBA4EB2003FFB99 /* Preview Content */,
			);
			path = "Broken Calc";
			sourceTree = "<group>";
		};
		3E47F8B62BBA4EB2003FFB99 /* Preview Content */ = {
			isa = PBXGroup;
			children = (
				3E47F8B72BBA4EB2003FFB99 /* Preview Assets.xcassets */,
			);
			path = "Preview Content";
			sourceTree = "<group>";
		};
/* End PBXGroup section */

/* Begin PBXNativeTarget section */
		3E47F8AC2BBA4EB1003FFB99 /* Broken Calc */ = {
			isa = PBXNativeTarget;
			buildConfigurationList = 3E47F8BB2BBA4EB2003FFB99 /* Build configuration list for PBXNativeTarget "Broken Calc" */;
			buildPhases = (
				3E47F8A92BBA4EB1003FFB99 /* Sources */,
				3E47F8AA2BBA4EB1003FFB99 /* Frameworks */,
				3E47F8AB2BBA4EB1003FFB99 /* Resources */,
				3E47F8ED2BBA5694003FFB99 /* Embed App Clips */,
			);
			buildRules = (
			);
			dependencies = (
			);
			name = "Broken Calc";
			productName = "Broken Calc";
			productReference = 3E47F8AD2BBA4EB1003FFB99 /* Broken Calc.app */;
			productType = "com.apple.product-type.application";
		};
/* End PBXNativeTarget section */

/* Begin PBXProject section */
		3E47F8A52BBA4EB1003FFB99 /* Project object */ = {
			isa = PBXProject;
			attributes = {
				BuildIndependentTargetsInParallel = 1;
				LastSwiftUpdateCheck = 1530;
				LastUpgradeCheck = 1530;
				TargetAttributes = {
					3E47F8AC2BBA4EB1003FFB99 = {
						CreatedOnToolsVersion = 15.3;
						LastSwiftMigration = 1530;
					};
				};
			};
			buildConfigurationList = 3E47F8A82BBA4EB1003FFB99 /* Build configuration list for PBXProject "Broken Calc" */;
			compatibilityVersion = "Xcode 14.0";
			developmentRegion = en;
			hasScannedForEncodings = 0;
			knownRegions = (
				en,
				Base,
			);
			mainGroup = 3E47F8A42BBA4EB1003FFB99;
			productRefGroup = 3E47F8AE2BBA4EB1003FFB99 /* Products */;
			projectDirPath = "";
			projectRoot = "";
			targets = (
				3E47F8AC2BBA4EB1003FFB99 /* Broken Calc */,
			);
		};
/* End PBXProject section */

/* Begin PBXResourcesBuildPhase section */
		3E47F8AB2BBA4EB1003FFB99 /* Resources */ = {
			isa = PBXResourcesBuildPhase;
			buildActionMask = 2147483647;
			files = (
				3E47F8CA2BBA4F72003FFB99 /* Assets.xcassets in Resources */,
				3E47F8B82BBA4EB2003FFB99 /* Preview Assets.xcassets in Resources */,
			);
			runOnlyForDeploymentPostprocessing = 0;
		};
/* End PBXResourcesBuildPhase section */

/* Begin PBXSourcesBuildPhase section */
		3E47F8A92BBA4EB1003FFB99 /* Sources */ = {
			isa = PBXSourcesBuildPhase;
			buildActionMask = 2147483647;
			files = (
				3E47F8D52BBA4F72003FFB99 /* ButtonStyles.swift in Sources */,
				3E47F8D12BBA4F72003FFB99 /* MenuView.swift in Sources */,
				3E47F8CD2BBA4F72003FFB99 /* SettingsView.swift in Sources */,
				3E47F8CF2BBA4F72003FFB99 /* ContentView.swift in Sources */,
				3E47F8D42BBA4F72003FFB99 /* Functions.swift in Sources */,
				3E47F8CB2BBA4F72003FFB99 /* DrawingView.swift in Sources */,
				3E47F8D32BBA4F72003FFB99 /* LevelsView.swift in Sources */,
				3E47F8CE2BBA4F72003FFB99 /* GameView.swift in Sources */,
				3E47F8D22BBA4F72003FFB99 /* MyApp.swift in Sources */,
				3E47F8CC2BBA4F72003FFB99 /* Colors.swift in Sources */,
				3E47F8D02BBA4F72003FFB99 /* LoadingView.swift in Sources */,
			);
			runOnlyForDeploymentPostprocessing = 0;
		};
/* End PBXSourcesBuildPhase section */

/* Begin XCBuildConfiguration section */
		3E47F8B92BBA4EB2003FFB99 /* Debug */ = {
			isa = XCBuildConfiguration;
			buildSettings = {
				ALWAYS_SEARCH_USER_PATHS = NO;
				ASSETCATALOG_COMPILER_GENERATE_SWIFT_ASSET_SYMBOL_EXTENSIONS = YES;
				CLANG_ANALYZER_NONNULL = YES;
				CLANG_ANALYZER_NUMBER_OBJECT_CONVERSION = YES_AGGRESSIVE;
				CLANG_CXX_LANGUAGE_STANDARD = "gnu++20";
				CLANG_ENABLE_MODULES = YES;
				CLANG_ENABLE_OBJC_ARC = YES;
				CLANG_ENABLE_OBJC_WEAK = YES;
				CLANG_WARN_BLOCK_CAPTURE_AUTORELEASING = YES;
				CLANG_WARN_BOOL_CONVERSION = YES;
				CLANG_WARN_COMMA = YES;
				CLANG_WARN_CONSTANT_CONVERSION = YES;
				CLANG_WARN_DEPRECATED_OBJC_IMPLEMENTATIONS = YES;
				CLANG_WARN_DIRECT_OBJC_ISA_USAGE = YES_ERROR;
				CLANG_WARN_DOCUMENTATION_COMMENTS = YES;
				CLANG_WARN_EMPTY_BODY = YES;
				CLANG_WARN_ENUM_CONVERSION = YES;
				CLANG_WARN_INFINITE_RECURSION = YES;
				CLANG_WARN_INT_CONVERSION = YES;
				CLANG_WARN_NON_LITERAL_NULL_CONVERSION = YES;
				CLANG_WARN_OBJC_IMPLICIT_RETAIN_SELF = YES;
				CLANG_WARN_OBJC_LITERAL_CONVERSION = YES;
				CLANG_WARN_OBJC_ROOT_CLASS = YES_ERROR;
				CLANG_WARN_QUOTED_INCLUDE_IN_FRAMEWORK_HEADER = YES;
				CLANG_WARN_RANGE_LOOP_ANALYSIS = YES;
				CLANG_WARN_STRICT_PROTOTYPES = YES;
				CLANG_WARN_SUSPICIOUS_MOVE = YES;
				CLANG_WARN_UNGUARDED_AVAILABILITY = YES_AGGRESSIVE;
				CLANG_WARN_UNREACHABLE_CODE = YES;
				CLANG_WARN__DUPLICATE_METHOD_MATCH = YES;
				COPY_PHASE_STRIP = NO;
				DEBUG_INFORMATION_FORMAT = dwarf;
				ENABLE_STRICT_OBJC_MSGSEND = YES;
				ENABLE_TESTABILITY = YES;
				ENABLE_USER_SCRIPT_SANDBOXING = YES;
				GCC_C_LANGUAGE_STANDARD = gnu17;
				GCC_DYNAMIC_NO_PIC = NO;
				GCC_NO_COMMON_BLOCKS = YES;
				GCC_OPTIMIZATION_LEVEL = 0;
				GCC_PREPROCESSOR_DEFINITIONS = (
					"DEBUG=1",
					"$(inherited)",
				);
				GCC_WARN_64_TO_32_BIT_CONVERSION = YES;
				GCC_WARN_ABOUT_RETURN_TYPE = YES_ERROR;
				GCC_WARN_UNDECLARED_SELECTOR = YES;
				GCC_WARN_UNINITIALIZED_AUTOS = YES_AGGRESSIVE;
				GCC_WARN_UNUSED_FUNCTION = YES;
				GCC_WARN_UNUSED_VARIABLE = YES;
				IPHONEOS_DEPLOYMENT_TARGET = 17.4;
				LOCALIZATION_PREFERS_STRING_CATALOGS = YES;
				MTL_ENABLE_DEBUG_INFO = INCLUDE_SOURCE;
				MTL_FAST_MATH = YES;
				ONLY_ACTIVE_ARCH = YES;
				SDKROOT = iphoneos;
				SWIFT_ACTIVE_COMPILATION_CONDITIONS = "DEBUG $(inherited)";
				SWIFT_OPTIMIZATION_LEVEL = "-Onone";
			};
			name = Debug;
		};
		3E47F8BA2BBA4EB2003FFB99 /* Release */ = {
			isa = XCBuildConfiguration;
			buildSettings = {
				ALWAYS_SEARCH_USER_PATHS = NO;
				ASSETCATALOG_COMPILER_GENERATE_SWIFT_ASSET_SYMBOL_EXTENSIONS = YES;
				CLANG_ANALYZER_NONNULL = YES;
				CLANG_ANALYZER_NUMBER_OBJECT_CONVERSION = YES_AGGRESSIVE;
				CLANG_CXX_LANGUAGE_STANDARD = "gnu++20";
				CLANG_ENABLE_MODULES = YES;
				CLANG_ENABLE_OBJC_ARC = YES;
				CLANG_ENABLE_OBJC_WEAK = YES;
				CLANG_WARN_BLOCK_CAPTURE_AUTORELEASING = YES;
				CLANG_WARN_BOOL_CONVERSION = YES;
				CLANG_WARN_COMMA = YES;
				CLANG_WARN_CONSTANT_CONVERSION = YES;
				CLANG_WARN_DEPRECATED_OBJC_IMPLEMENTATIONS = YES;
				CLANG_WARN_DIRECT_OBJC_ISA_USAGE = YES_ERROR;
				CLANG_WARN_DOCUMENTATION_COMMENTS = YES;
				CLANG_WARN_EMPTY_BODY = YES;
				CLANG_WARN_ENUM_CONVERSION = YES;
				CLANG_WARN_INFINITE_RECURSION = YES;
				CLANG_WARN_INT_CONVERSION = YES;
				CLANG_WARN_NON_LITERAL_NULL_CONVERSION = YES;
				CLANG_WARN_OBJC_IMPLICIT_RETAIN_SELF = YES;
				CLANG_WARN_OBJC_LITERAL_CONVERSION = YES;
				CLANG_WARN_OBJC_ROOT_CLASS = YES_ERROR;
				CLANG_WARN_QUOTED_INCLUDE_IN_FRAMEWORK_HEADER = YES;
				CLANG_WARN_RANGE_LOOP_ANALYSIS = YES;
				CLANG_WARN_STRICT_PROTOTYPES = YES;
				CLANG_WARN_SUSPICIOUS_MOVE = YES;
				CLANG_WARN_UNGUARDED_AVAILABILITY = YES_AGGRESSIVE;
				CLANG_WARN_UNREACHABLE_CODE = YES;
				CLANG_WARN__DUPLICATE_METHOD_MATCH = YES;
				COPY_PHASE_STRIP = NO;
				DEBUG_INFORMATION_FORMAT = "dwarf-with-dsym";
				ENABLE_NS_ASSERTIONS = NO;
				ENABLE_STRICT_OBJC_MSGSEND = YES;
				ENABLE_USER_SCRIPT_SANDBOXING = YES;
				GCC_C_LANGUAGE_STANDARD = gnu17;
				GCC_NO_COMMON_BLOCKS = YES;
				GCC_WARN_64_TO_32_BIT_CONVERSION = YES;
				GCC_WARN_ABOUT_RETURN_TYPE = YES_ERROR;
				GCC_WARN_UNDECLARED_SELECTOR = YES;
				GCC_WARN_UNINITIALIZED_AUTOS = YES_AGGRESSIVE;
				GCC_WARN_UNUSED_FUNCTION = YES;
				GCC_WARN_UNUSED_VARIABLE = YES;
				IPHONEOS_DEPLOYMENT_TARGET = 17.4;
				LOCALIZATION_PREFERS_STRING_CATALOGS = YES;
				MTL_ENABLE_DEBUG_INFO = NO;
				MTL_FAST_MATH = YES;
				SDKROOT = iphoneos;
				SWIFT_COMPILATION_MODE = wholemodule;
				VALIDATE_PRODUCT = YES;
			};
			name = Release;
		};
		3E47F8BC2BBA4EB2003FFB99 /* Debug */ = {
			isa = XCBuildConfiguration;
			buildSettings = {
				ALWAYS_EMBED_SWIFT_STANDARD_LIBRARIES = YES;
				ASSETCATALOG_COMPILER_APPICON_NAME = AppIcon;
				ASSETCATALOG_COMPILER_GLOBAL_ACCENT_COLOR_NAME = AccentColor;
				CLANG_ENABLE_MODULES = YES;
				CODE_SIGN_STYLE = Automatic;
				CURRENT_PROJECT_VERSION = 1;
				DEVELOPMENT_ASSET_PATHS = "\"Broken Calc/Preview Content\"";
				DEVELOPMENT_TEAM = JDP3VYX86Y;
				ENABLE_PREVIEWS = YES;
				GENERATE_INFOPLIST_FILE = YES;
				INFOPLIST_KEY_LSApplicationCategoryType = "public.app-category.puzzle-games";
				INFOPLIST_KEY_UIApplicationSceneManifest_Generation = YES;
				INFOPLIST_KEY_UIApplicationSupportsIndirectInputEvents = YES;
				INFOPLIST_KEY_UILaunchScreen_Generation = YES;
				INFOPLIST_KEY_UIRequiresFullScreen = YES;
				INFOPLIST_KEY_UISupportedInterfaceOrientations_iPad = "UIInterfaceOrientationPortrait UIInterfaceOrientationPortraitUpsideDown UIInterfaceOrientationLandscapeLeft UIInterfaceOrientationLandscapeRight";
				INFOPLIST_KEY_UISupportedInterfaceOrientations_iPhone = "UIInterfaceOrientationPortrait UIInterfaceOrientationLandscapeLeft UIInterfaceOrientationLandscapeRight";
				LD_RUNPATH_SEARCH_PATHS = (
					"$(inherited)",
					"@executable_path/Frameworks",
				);
				MARKETING_VERSION = 1.0;
				PRODUCT_BUNDLE_IDENTIFIER = "com.nahtanlee.Broken-Calc";
				PRODUCT_NAME = "$(TARGET_NAME)";
				SWIFT_EMIT_LOC_STRINGS = YES;
				SWIFT_OPTIMIZATION_LEVEL = "-Onone";
				SWIFT_VERSION = 5.0;
				TARGETED_DEVICE_FAMILY = "1,2";
			};
			name = Debug;
		};
		3E47F8BD2BBA4EB2003FFB99 /* Release */ = {
			isa = XCBuildConfiguration;
			buildSettings = {
				ALWAYS_EMBED_SWIFT_STANDARD_LIBRARIES = YES;
				ASSETCATALOG_COMPILER_APPICON_NAME = AppIcon;
				ASSETCATALOG_COMPILER_GLOBAL_ACCENT_COLOR_NAME = AccentColor;
				CLANG_ENABLE_MODULES = YES;
				CODE_SIGN_STYLE = Automatic;
				CURRENT_PROJECT_VERSION = 1;
				DEVELOPMENT_ASSET_PATHS = "\"Broken Calc/Preview Content\"";
				DEVELOPMENT_TEAM = JDP3VYX86Y;
				ENABLE_PREVIEWS = YES;
				GENERATE_INFOPLIST_FILE = YES;
				INFOPLIST_KEY_LSApplicationCategoryType = "public.app-category.puzzle-games";
				INFOPLIST_KEY_UIApplicationSceneManifest_Generation = YES;
				INFOPLIST_KEY_UIApplicationSupportsIndirectInputEvents = YES;
				INFOPLIST_KEY_UILaunchScreen_Generation = YES;
				INFOPLIST_KEY_UIRequiresFullScreen = YES;
				INFOPLIST_KEY_UISupportedInterfaceOrientations_iPad = "UIInterfaceOrientationPortrait UIInterfaceOrientationPortraitUpsideDown UIInterfaceOrientationLandscapeLeft UIInterfaceOrientationLandscapeRight";
				INFOPLIST_KEY_UISupportedInterfaceOrientations_iPhone = "UIInterfaceOrientationPortrait UIInterfaceOrientationLandscapeLeft UIInterfaceOrientationLandscapeRight";
				LD_RUNPATH_SEARCH_PATHS = (
					"$(inherited)",
					"@executable_path/Frameworks",
				);
				MARKETING_VERSION = 1.0;
				PRODUCT_BUNDLE_IDENTIFIER = "com.nahtanlee.Broken-Calc";
				PRODUCT_NAME = "$(TARGET_NAME)";
				SWIFT_EMIT_LOC_STRINGS = YES;
				SWIFT_VERSION = 5.0;
				TARGETED_DEVICE_FAMILY = "1,2";
			};
			name = Release;
		};
/* End XCBuildConfiguration section */

/* Begin XCConfigurationList section */
		3E47F8A82BBA4EB1003FFB99 /* Build configuration list for PBXProject "Broken Calc" */ = {
			isa = XCConfigurationList;
			buildConfigurations = (
				3E47F8B92BBA4EB2003FFB99 /* Debug */,
				3E47F8BA2BBA4EB2003FFB99 /* Release */,
			);
			defaultConfigurationIsVisible = 0;
			defaultConfigurationName = Release;
		};
		3E47F8BB2BBA4EB2003FFB99 /* Build configuration list for PBXNativeTarget "Broken Calc" */ = {
			isa = XCConfigurationList;
			buildConfigurations = (
				3E47F8BC2BBA4EB2003FFB99 /* Debug */,
				3E47F8BD2BBA4EB2003FFB99 /* Release */,
			);
			defaultConfigurationIsVisible = 0;
			defaultConfigurationName = Release;
		};
/* End XCConfigurationList section */
	};
	rootObject = 3E47F8A52BBA4EB1003FFB99 /* Project object */;
}
